
Microsoft Visual Studio Solution File, Format Version 12.00
# Visual Studio 15
VisualStudioVersion = 15.0.28010.2016
MinimumVisualStudioVersion = 10.0.40219.1
Project("{FAE04EC0-301F-11D3-BF4B-00C04F79EFBC}") = "DiscoveringPaxos", "DiscoveringPaxos\DiscoveringPaxos.csproj", "{4AC25EF8-C068-49AE-9B59-7D2C71ABE867}"
EndProject
Global
	GlobalSection(SolutionConfigurationPlatforms) = preSolution
		Debug|Any CPU = Debug|Any CPU
		Release|Any CPU = Release|Any CPU
	EndGlobalSection
	GlobalSection(ProjectConfigurationPlatforms) = postSolution
		{4AC25EF8-C068-49AE-9B59-7D2C71ABE867}.Debug|Any CPU.ActiveCfg = Debug|Any CPU
		{4AC25EF8-C068-49AE-9B59-7D2C71ABE867}.Debug|Any CPU.Build.0 = Debug|Any CPU
		{4AC25EF8-C068-49AE-9B59-7D2C71ABE867}.Release|Any CPU.ActiveCfg = Release|Any CPU
		{4AC25EF8-C068-49AE-9B59-7D2C71ABE867}.Release|Any CPU.Build.0 = Release|Any CPU
	EndGlobalSection
	GlobalSection(SolutionProperties) = preSolution
		HideSolutionNode = FALSE
	EndGlobalSection
	GlobalSection(ExtensibilityGlobals) = postSolution
		SolutionGuid = {4D0CB7D5-4B54-4B8A-8319-4A50ACD69741}
	EndGlobalSection
EndGlobal
